// !$*UTF8*$!
{
	archiveVersion = 1;
	classes = {
	};
	objectVersion = 55;
	objects = {

/* Begin PBXBuildFile section */
		C77230F028B66F600021F015 /* AppDelegate.swift in Sources */ = {isa = PBXBuildFile; fileRef = C77230EF28B66F600021F015 /* AppDelegate.swift */; };
		C77230F228B66F600021F015 /* SceneDelegate.swift in Sources */ = {isa = PBXBuildFile; fileRef = C77230F128B66F600021F015 /* SceneDelegate.swift */; };
		C77230F928B66F610021F015 /* Assets.xcassets in Resources */ = {isa = PBXBuildFile; fileRef = C77230F828B66F610021F015 /* Assets.xcassets */; };
		C77230FC28B66F610021F015 /* LaunchScreen.storyboard in Resources */ = {isa = PBXBuildFile; fileRef = C77230FA28B66F610021F015 /* LaunchScreen.storyboard */; };
		C772310728B66F610021F015 /* CountriesListInteractorTests.swift in Sources */ = {isa = PBXBuildFile; fileRef = C772310628B66F610021F015 /* CountriesListInteractorTests.swift */; };
		C772311128B66F610021F015 /* CountriesUITests.swift in Sources */ = {isa = PBXBuildFile; fileRef = C772311028B66F610021F015 /* CountriesUITests.swift */; };
		C772311328B66F610021F015 /* CountriesUITestsLaunchTests.swift in Sources */ = {isa = PBXBuildFile; fileRef = C772311228B66F610021F015 /* CountriesUITestsLaunchTests.swift */; };
		C772312528B670ED0021F015 /* CountriesListPresenter.swift in Sources */ = {isa = PBXBuildFile; fileRef = C772312028B670ED0021F015 /* CountriesListPresenter.swift */; };
		C772312628B670ED0021F015 /* CountriesListRouter.swift in Sources */ = {isa = PBXBuildFile; fileRef = C772312128B670ED0021F015 /* CountriesListRouter.swift */; };
		C772312728B670ED0021F015 /* CountriesListModels.swift in Sources */ = {isa = PBXBuildFile; fileRef = C772312228B670ED0021F015 /* CountriesListModels.swift */; };
		C772312828B670ED0021F015 /* CountriesListViewController.swift in Sources */ = {isa = PBXBuildFile; fileRef = C772312328B670ED0021F015 /* CountriesListViewController.swift */; };
		C772312928B670ED0021F015 /* CountriesListInteractor.swift in Sources */ = {isa = PBXBuildFile; fileRef = C772312428B670ED0021F015 /* CountriesListInteractor.swift */; };
		C772312B28B670F80021F015 /* CountriesList.storyboard in Resources */ = {isa = PBXBuildFile; fileRef = C772312A28B670F80021F015 /* CountriesList.storyboard */; };
		C772312E28B681900021F015 /* CountriesCell.swift in Sources */ = {isa = PBXBuildFile; fileRef = C772312D28B681900021F015 /* CountriesCell.swift */; };
		C772313028B681990021F015 /* CountriesCell.xib in Resources */ = {isa = PBXBuildFile; fileRef = C772312F28B681990021F015 /* CountriesCell.xib */; };
		C772313328B683F40021F015 /* Extension+String.swift in Sources */ = {isa = PBXBuildFile; fileRef = C772313228B683F40021F015 /* Extension+String.swift */; };
		C772313528B684310021F015 /* Extension+UIView.swift in Sources */ = {isa = PBXBuildFile; fileRef = C772313428B684310021F015 /* Extension+UIView.swift */; };
		C772313728B687580021F015 /* Extension+UIColor.swift in Sources */ = {isa = PBXBuildFile; fileRef = C772313628B687580021F015 /* Extension+UIColor.swift */; };
		C772313C28B68BE70021F015 /* Extension+UIImageView.swift in Sources */ = {isa = PBXBuildFile; fileRef = C772313B28B68BE70021F015 /* Extension+UIImageView.swift */; };
		C772313E28B6A1E90021F015 /* cities.json in Resources */ = {isa = PBXBuildFile; fileRef = C772313D28B6A1E90021F015 /* cities.json */; };
		C772314928B7BCEF0021F015 /* MapsPresenter.swift in Sources */ = {isa = PBXBuildFile; fileRef = C772314428B7BCEF0021F015 /* MapsPresenter.swift */; };
		C772314A28B7BCEF0021F015 /* MapsRouter.swift in Sources */ = {isa = PBXBuildFile; fileRef = C772314528B7BCEF0021F015 /* MapsRouter.swift */; };
		C772314B28B7BCEF0021F015 /* MapsModels.swift in Sources */ = {isa = PBXBuildFile; fileRef = C772314628B7BCEF0021F015 /* MapsModels.swift */; };
		C772314C28B7BCEF0021F015 /* MapsViewController.swift in Sources */ = {isa = PBXBuildFile; fileRef = C772314728B7BCEF0021F015 /* MapsViewController.swift */; };
		C772314D28B7BCEF0021F015 /* MapsInteractor.swift in Sources */ = {isa = PBXBuildFile; fileRef = C772314828B7BCEF0021F015 /* MapsInteractor.swift */; };
		C772314F28B7BD620021F015 /* Maps.storyboard in Resources */ = {isa = PBXBuildFile; fileRef = C772314E28B7BD620021F015 /* Maps.storyboard */; };
		C772315228B7DD350021F015 /* CountriesListPresenterTests.swift in Sources */ = {isa = PBXBuildFile; fileRef = C772315128B7DD350021F015 /* CountriesListPresenterTests.swift */; };
/* End PBXBuildFile section */

/* Begin PBXContainerItemProxy section */
		C772310328B66F610021F015 /* PBXContainerItemProxy */ = {
			isa = PBXContainerItemProxy;
			containerPortal = C77230E428B66F600021F015 /* Project object */;
			proxyType = 1;
			remoteGlobalIDString = C77230EB28B66F600021F015;
			remoteInfo = Countries;
		};
		C772310D28B66F610021F015 /* PBXContainerItemProxy */ = {
			isa = PBXContainerItemProxy;
			containerPortal = C77230E428B66F600021F015 /* Project object */;
			proxyType = 1;
			remoteGlobalIDString = C77230EB28B66F600021F015;
			remoteInfo = Countries;
		};
/* End PBXContainerItemProxy section */

/* Begin PBXFileReference section */
		C77230EC28B66F600021F015 /* Countries.app */ = {isa = PBXFileReference; explicitFileType = wrapper.application; includeInIndex = 0; path = Countries.app; sourceTree = BUILT_PRODUCTS_DIR; };
		C77230EF28B66F600021F015 /* AppDelegate.swift */ = {isa = PBXFileReference; lastKnownFileType = sourcecode.swift; path = AppDelegate.swift; sourceTree = "<group>"; };
		C77230F128B66F600021F015 /* SceneDelegate.swift */ = {isa = PBXFileReference; lastKnownFileType = sourcecode.swift; path = SceneDelegate.swift; sourceTree = "<group>"; };
		C77230F828B66F610021F015 /* Assets.xcassets */ = {isa = PBXFileReference; lastKnownFileType = folder.assetcatalog; path = Assets.xcassets; sourceTree = "<group>"; };
		C77230FB28B66F610021F015 /* Base */ = {isa = PBXFileReference; lastKnownFileType = file.storyboard; name = Base; path = Base.lproj/LaunchScreen.storyboard; sourceTree = "<group>"; };
		C77230FD28B66F610021F015 /* Info.plist */ = {isa = PBXFileReference; lastKnownFileType = text.plist.xml; path = Info.plist; sourceTree = "<group>"; };
		C772310228B66F610021F015 /* CountriesTests.xctest */ = {isa = PBXFileReference; explicitFileType = wrapper.cfbundle; includeInIndex = 0; path = CountriesTests.xctest; sourceTree = BUILT_PRODUCTS_DIR; };
		C772310628B66F610021F015 /* CountriesListInteractorTests.swift */ = {isa = PBXFileReference; lastKnownFileType = sourcecode.swift; path = CountriesListInteractorTests.swift; sourceTree = "<group>"; };
		C772310C28B66F610021F015 /* CountriesUITests.xctest */ = {isa = PBXFileReference; explicitFileType = wrapper.cfbundle; includeInIndex = 0; path = CountriesUITests.xctest; sourceTree = BUILT_PRODUCTS_DIR; };
		C772311028B66F610021F015 /* CountriesUITests.swift */ = {isa = PBXFileReference; lastKnownFileType = sourcecode.swift; path = CountriesUITests.swift; sourceTree = "<group>"; };
		C772311228B66F610021F015 /* CountriesUITestsLaunchTests.swift */ = {isa = PBXFileReference; lastKnownFileType = sourcecode.swift; path = CountriesUITestsLaunchTests.swift; sourceTree = "<group>"; };
		C772312028B670ED0021F015 /* CountriesListPresenter.swift */ = {isa = PBXFileReference; lastKnownFileType = sourcecode.swift; path = CountriesListPresenter.swift; sourceTree = "<group>"; };
		C772312128B670ED0021F015 /* CountriesListRouter.swift */ = {isa = PBXFileReference; lastKnownFileType = sourcecode.swift; path = CountriesListRouter.swift; sourceTree = "<group>"; };
		C772312228B670ED0021F015 /* CountriesListModels.swift */ = {isa = PBXFileReference; lastKnownFileType = sourcecode.swift; path = CountriesListModels.swift; sourceTree = "<group>"; };
		C772312328B670ED0021F015 /* CountriesListViewController.swift */ = {isa = PBXFileReference; lastKnownFileType = sourcecode.swift; path = CountriesListViewController.swift; sourceTree = "<group>"; };
		C772312428B670ED0021F015 /* CountriesListInteractor.swift */ = {isa = PBXFileReference; lastKnownFileType = sourcecode.swift; path = CountriesListInteractor.swift; sourceTree = "<group>"; };
		C772312A28B670F80021F015 /* CountriesList.storyboard */ = {isa = PBXFileReference; lastKnownFileType = file.storyboard; path = CountriesList.storyboard; sourceTree = "<group>"; };
		C772312D28B681900021F015 /* CountriesCell.swift */ = {isa = PBXFileReference; lastKnownFileType = sourcecode.swift; path = CountriesCell.swift; sourceTree = "<group>"; };
		C772312F28B681990021F015 /* CountriesCell.xib */ = {isa = PBXFileReference; lastKnownFileType = file.xib; path = CountriesCell.xib; sourceTree = "<group>"; };
		C772313228B683F40021F015 /* Extension+String.swift */ = {isa = PBXFileReference; lastKnownFileType = sourcecode.swift; path = "Extension+String.swift"; sourceTree = "<group>"; };
		C772313428B684310021F015 /* Extension+UIView.swift */ = {isa = PBXFileReference; lastKnownFileType = sourcecode.swift; path = "Extension+UIView.swift"; sourceTree = "<group>"; };
		C772313628B687580021F015 /* Extension+UIColor.swift */ = {isa = PBXFileReference; lastKnownFileType = sourcecode.swift; path = "Extension+UIColor.swift"; sourceTree = "<group>"; };
		C772313B28B68BE70021F015 /* Extension+UIImageView.swift */ = {isa = PBXFileReference; lastKnownFileType = sourcecode.swift; path = "Extension+UIImageView.swift"; sourceTree = "<group>"; };
		C772313D28B6A1E90021F015 /* cities.json */ = {isa = PBXFileReference; fileEncoding = 4; lastKnownFileType = text.json; path = cities.json; sourceTree = "<group>"; };
		C772314428B7BCEF0021F015 /* MapsPresenter.swift */ = {isa = PBXFileReference; lastKnownFileType = sourcecode.swift; path = MapsPresenter.swift; sourceTree = "<group>"; };
		C772314528B7BCEF0021F015 /* MapsRouter.swift */ = {isa = PBXFileReference; lastKnownFileType = sourcecode.swift; path = MapsRouter.swift; sourceTree = "<group>"; };
		C772314628B7BCEF0021F015 /* MapsModels.swift */ = {isa = PBXFileReference; lastKnownFileType = sourcecode.swift; path = MapsModels.swift; sourceTree = "<group>"; };
		C772314728B7BCEF0021F015 /* MapsViewController.swift */ = {isa = PBXFileReference; lastKnownFileType = sourcecode.swift; path = MapsViewController.swift; sourceTree = "<group>"; };
		C772314828B7BCEF0021F015 /* MapsInteractor.swift */ = {isa = PBXFileReference; lastKnownFileType = sourcecode.swift; path = MapsInteractor.swift; sourceTree = "<group>"; };
		C772314E28B7BD620021F015 /* Maps.storyboard */ = {isa = PBXFileReference; lastKnownFileType = file.storyboard; path = Maps.storyboard; sourceTree = "<group>"; };
		C772315128B7DD350021F015 /* CountriesListPresenterTests.swift */ = {isa = PBXFileReference; lastKnownFileType = sourcecode.swift; path = CountriesListPresenterTests.swift; sourceTree = "<group>"; };
/* End PBXFileReference section */

/* Begin PBXFrameworksBuildPhase section */
		C77230E928B66F600021F015 /* Frameworks */ = {
			isa = PBXFrameworksBuildPhase;
			buildActionMask = 2147483647;
			files = (
			);
			runOnlyForDeploymentPostprocessing = 0;
		};
		C77230FF28B66F610021F015 /* Frameworks */ = {
			isa = PBXFrameworksBuildPhase;
			buildActionMask = 2147483647;
			files = (
			);
			runOnlyForDeploymentPostprocessing = 0;
		};
		C772310928B66F610021F015 /* Frameworks */ = {
			isa = PBXFrameworksBuildPhase;
			buildActionMask = 2147483647;
			files = (
			);
			runOnlyForDeploymentPostprocessing = 0;
		};
/* End PBXFrameworksBuildPhase section */

/* Begin PBXGroup section */
		C77230E328B66F600021F015 = {
			isa = PBXGroup;
			children = (
				C77230EE28B66F600021F015 /* Countries */,
				C772310528B66F610021F015 /* CountriesTests */,
				C772310F28B66F610021F015 /* CountriesUITests */,
				C77230ED28B66F600021F015 /* Products */,
			);
			sourceTree = "<group>";
		};
		C77230ED28B66F600021F015 /* Products */ = {
			isa = PBXGroup;
			children = (
				C77230EC28B66F600021F015 /* Countries.app */,
				C772310228B66F610021F015 /* CountriesTests.xctest */,
				C772310C28B66F610021F015 /* CountriesUITests.xctest */,
			);
			name = Products;
			sourceTree = "<group>";
		};
		C77230EE28B66F600021F015 /* Countries */ = {
			isa = PBXGroup;
			children = (
				C772313128B683E40021F015 /* Extensions */,
				C772314228B7A5230021F015 /* Scenes */,
				C77230EF28B66F600021F015 /* AppDelegate.swift */,
				C77230F128B66F600021F015 /* SceneDelegate.swift */,
				C77230F828B66F610021F015 /* Assets.xcassets */,
				C77230FA28B66F610021F015 /* LaunchScreen.storyboard */,
				C772313D28B6A1E90021F015 /* cities.json */,
				C77230FD28B66F610021F015 /* Info.plist */,
			);
			path = Countries;
			sourceTree = "<group>";
		};
		C772310528B66F610021F015 /* CountriesTests */ = {
			isa = PBXGroup;
			children = (
				C772315028B7DD080021F015 /* CountriesList */,
			);
			path = CountriesTests;
			sourceTree = "<group>";
		};
		C772310F28B66F610021F015 /* CountriesUITests */ = {
			isa = PBXGroup;
			children = (
				C772311028B66F610021F015 /* CountriesUITests.swift */,
				C772311228B66F610021F015 /* CountriesUITestsLaunchTests.swift */,
			);
			path = CountriesUITests;
			sourceTree = "<group>";
		};
		C772311F28B670CC0021F015 /* CountriesList */ = {
			isa = PBXGroup;
			children = (
				C772312C28B681800021F015 /* CountriesCell */,
				C772312028B670ED0021F015 /* CountriesListPresenter.swift */,
				C772312128B670ED0021F015 /* CountriesListRouter.swift */,
				C772312228B670ED0021F015 /* CountriesListModels.swift */,
				C772312328B670ED0021F015 /* CountriesListViewController.swift */,
				C772312428B670ED0021F015 /* CountriesListInteractor.swift */,
				C772312A28B670F80021F015 /* CountriesList.storyboard */,
			);
			path = CountriesList;
			sourceTree = "<group>";
		};
		C772312C28B681800021F015 /* CountriesCell */ = {
			isa = PBXGroup;
			children = (
				C772312D28B681900021F015 /* CountriesCell.swift */,
				C772312F28B681990021F015 /* CountriesCell.xib */,
			);
			path = CountriesCell;
			sourceTree = "<group>";
		};
		C772313128B683E40021F015 /* Extensions */ = {
			isa = PBXGroup;
			children = (
				C772313228B683F40021F015 /* Extension+String.swift */,
				C772313428B684310021F015 /* Extension+UIView.swift */,
				C772313628B687580021F015 /* Extension+UIColor.swift */,
				C772313B28B68BE70021F015 /* Extension+UIImageView.swift */,
			);
			path = Extensions;
			sourceTree = "<group>";
		};
		C772314228B7A5230021F015 /* Scenes */ = {
			isa = PBXGroup;
			children = (
				C772314328B7BCE30021F015 /* Maps */,
				C772311F28B670CC0021F015 /* CountriesList */,
			);
			path = Scenes;
			sourceTree = "<group>";
		};
		C772314328B7BCE30021F015 /* Maps */ = {
			isa = PBXGroup;
			children = (
				C772314428B7BCEF0021F015 /* MapsPresenter.swift */,
				C772314528B7BCEF0021F015 /* MapsRouter.swift */,
				C772314628B7BCEF0021F015 /* MapsModels.swift */,
				C772314728B7BCEF0021F015 /* MapsViewController.swift */,
				C772314828B7BCEF0021F015 /* MapsInteractor.swift */,
				C772314E28B7BD620021F015 /* Maps.storyboard */,
			);
			path = Maps;
			sourceTree = "<group>";
		};
		C772315028B7DD080021F015 /* CountriesList */ = {
			isa = PBXGroup;
			children = (
				C772310628B66F610021F015 /* CountriesListInteractorTests.swift */,
				C772315128B7DD350021F015 /* CountriesListPresenterTests.swift */,
			);
			path = CountriesList;
			sourceTree = "<group>";
		};
/* End PBXGroup section */

/* Begin PBXNativeTarget section */
		C77230EB28B66F600021F015 /* Countries */ = {
			isa = PBXNativeTarget;
			buildConfigurationList = C772311628B66F610021F015 /* Build configuration list for PBXNativeTarget "Countries" */;
			buildPhases = (
				C77230E828B66F600021F015 /* Sources */,
				C77230E928B66F600021F015 /* Frameworks */,
				C77230EA28B66F600021F015 /* Resources */,
			);
			buildRules = (
			);
			dependencies = (
			);
			name = Countries;
			productName = Countries;
			productReference = C77230EC28B66F600021F015 /* Countries.app */;
			productType = "com.apple.product-type.application";
		};
		C772310128B66F610021F015 /* CountriesTests */ = {
			isa = PBXNativeTarget;
			buildConfigurationList = C772311928B66F610021F015 /* Build configuration list for PBXNativeTarget "CountriesTests" */;
			buildPhases = (
				C77230FE28B66F610021F015 /* Sources */,
				C77230FF28B66F610021F015 /* Frameworks */,
				C772310028B66F610021F015 /* Resources */,
			);
			buildRules = (
			);
			dependencies = (
				C772310428B66F610021F015 /* PBXTargetDependency */,
			);
			name = CountriesTests;
			productName = CountriesTests;
			productReference = C772310228B66F610021F015 /* CountriesTests.xctest */;
			productType = "com.apple.product-type.bundle.unit-test";
		};
		C772310B28B66F610021F015 /* CountriesUITests */ = {
			isa = PBXNativeTarget;
			buildConfigurationList = C772311C28B66F610021F015 /* Build configuration list for PBXNativeTarget "CountriesUITests" */;
			buildPhases = (
				C772310828B66F610021F015 /* Sources */,
				C772310928B66F610021F015 /* Frameworks */,
				C772310A28B66F610021F015 /* Resources */,
			);
			buildRules = (
			);
			dependencies = (
				C772310E28B66F610021F015 /* PBXTargetDependency */,
			);
			name = CountriesUITests;
			productName = CountriesUITests;
			productReference = C772310C28B66F610021F015 /* CountriesUITests.xctest */;
			productType = "com.apple.product-type.bundle.ui-testing";
		};
/* End PBXNativeTarget section */

/* Begin PBXProject section */
		C77230E428B66F600021F015 /* Project object */ = {
			isa = PBXProject;
			attributes = {
				BuildIndependentTargetsInParallel = 1;
				LastSwiftUpdateCheck = 1330;
				LastUpgradeCheck = 1330;
				TargetAttributes = {
					C77230EB28B66F600021F015 = {
						CreatedOnToolsVersion = 13.3.1;
					};
					C772310128B66F610021F015 = {
						CreatedOnToolsVersion = 13.3.1;
						TestTargetID = C77230EB28B66F600021F015;
					};
					C772310B28B66F610021F015 = {
						CreatedOnToolsVersion = 13.3.1;
						TestTargetID = C77230EB28B66F600021F015;
					};
				};
			};
			buildConfigurationList = C77230E728B66F600021F015 /* Build configuration list for PBXProject "Countries" */;
			compatibilityVersion = "Xcode 13.0";
			developmentRegion = en;
			hasScannedForEncodings = 0;
			knownRegions = (
				en,
				Base,
			);
			mainGroup = C77230E328B66F600021F015;
			productRefGroup = C77230ED28B66F600021F015 /* Products */;
			projectDirPath = "";
			projectRoot = "";
			targets = (
				C77230EB28B66F600021F015 /* Countries */,
				C772310128B66F610021F015 /* CountriesTests */,
				C772310B28B66F610021F015 /* CountriesUITests */,
			);
		};
/* End PBXProject section */

/* Begin PBXResourcesBuildPhase section */
		C77230EA28B66F600021F015 /* Resources */ = {
			isa = PBXResourcesBuildPhase;
			buildActionMask = 2147483647;
			files = (
				C77230FC28B66F610021F015 /* LaunchScreen.storyboard in Resources */,
				C772314F28B7BD620021F015 /* Maps.storyboard in Resources */,
				C772313E28B6A1E90021F015 /* cities.json in Resources */,
				C77230F928B66F610021F015 /* Assets.xcassets in Resources */,
				C772313028B681990021F015 /* CountriesCell.xib in Resources */,
				C772312B28B670F80021F015 /* CountriesList.storyboard in Resources */,
			);
			runOnlyForDeploymentPostprocessing = 0;
		};
		C772310028B66F610021F015 /* Resources */ = {
			isa = PBXResourcesBuildPhase;
			buildActionMask = 2147483647;
			files = (
			);
			runOnlyForDeploymentPostprocessing = 0;
		};
		C772310A28B66F610021F015 /* Resources */ = {
			isa = PBXResourcesBuildPhase;
			buildActionMask = 2147483647;
			files = (
			);
			runOnlyForDeploymentPostprocessing = 0;
		};
/* End PBXResourcesBuildPhase section */

/* Begin PBXSourcesBuildPhase section */
		C77230E828B66F600021F015 /* Sources */ = {
			isa = PBXSourcesBuildPhase;
			buildActionMask = 2147483647;
			files = (
				C772312828B670ED0021F015 /* CountriesListViewController.swift in Sources */,
				C772312628B670ED0021F015 /* CountriesListRouter.swift in Sources */,
				C772313528B684310021F015 /* Extension+UIView.swift in Sources */,
				C772314C28B7BCEF0021F015 /* MapsViewController.swift in Sources */,
				C772312E28B681900021F015 /* CountriesCell.swift in Sources */,
				C772314928B7BCEF0021F015 /* MapsPresenter.swift in Sources */,
				C772314A28B7BCEF0021F015 /* MapsRouter.swift in Sources */,
				C772312928B670ED0021F015 /* CountriesListInteractor.swift in Sources */,
				C772312728B670ED0021F015 /* CountriesListModels.swift in Sources */,
				C772314D28B7BCEF0021F015 /* MapsInteractor.swift in Sources */,
				C772313328B683F40021F015 /* Extension+String.swift in Sources */,
				C772314B28B7BCEF0021F015 /* MapsModels.swift in Sources */,
				C772313C28B68BE70021F015 /* Extension+UIImageView.swift in Sources */,
				C77230F028B66F600021F015 /* AppDelegate.swift in Sources */,
				C77230F228B66F600021F015 /* SceneDelegate.swift in Sources */,
				C772312528B670ED0021F015 /* CountriesListPresenter.swift in Sources */,
				C772313728B687580021F015 /* Extension+UIColor.swift in Sources */,
			);
			runOnlyForDeploymentPostprocessing = 0;
		};
		C77230FE28B66F610021F015 /* Sources */ = {
			isa = PBXSourcesBuildPhase;
			buildActionMask = 2147483647;
			files = (
				C772310728B66F610021F015 /* CountriesListInteractorTests.swift in Sources */,
				C772315228B7DD350021F015 /* CountriesListPresenterTests.swift in Sources */,
			);
			runOnlyForDeploymentPostprocessing = 0;
		};
		C772310828B66F610021F015 /* Sources */ = {
			isa = PBXSourcesBuildPhase;
			buildActionMask = 2147483647;
			files = (
				C772311128B66F610021F015 /* CountriesUITests.swift in Sources */,
				C772311328B66F610021F015 /* CountriesUITestsLaunchTests.swift in Sources */,
			);
			runOnlyForDeploymentPostprocessing = 0;
		};
/* End PBXSourcesBuildPhase section */

/* Begin PBXTargetDependency section */
		C772310428B66F610021F015 /* PBXTargetDependency */ = {
			isa = PBXTargetDependency;
			target = C77230EB28B66F600021F015 /* Countries */;
			targetProxy = C772310328B66F610021F015 /* PBXContainerItemProxy */;
		};
		C772310E28B66F610021F015 /* PBXTargetDependency */ = {
			isa = PBXTargetDependency;
			target = C77230EB28B66F600021F015 /* Countries */;
			targetProxy = C772310D28B66F610021F015 /* PBXContainerItemProxy */;
		};
/* End PBXTargetDependency section */

/* Begin PBXVariantGroup section */
		C77230FA28B66F610021F015 /* LaunchScreen.storyboard */ = {
			isa = PBXVariantGroup;
			children = (
				C77230FB28B66F610021F015 /* Base */,
			);
			name = LaunchScreen.storyboard;
			sourceTree = "<group>";
		};
/* End PBXVariantGroup section */

/* Begin XCBuildConfiguration section */
		C772311428B66F610021F015 /* Debug */ = {
			isa = XCBuildConfiguration;
			buildSettings = {
				ALWAYS_SEARCH_USER_PATHS = NO;
				CLANG_ANALYZER_NONNULL = YES;
				CLANG_ANALYZER_NUMBER_OBJECT_CONVERSION = YES_AGGRESSIVE;
				CLANG_CXX_LANGUAGE_STANDARD = "gnu++17";
				CLANG_ENABLE_MODULES = YES;
				CLANG_ENABLE_OBJC_ARC = YES;
				CLANG_ENABLE_OBJC_WEAK = YES;
				CLANG_WARN_BLOCK_CAPTURE_AUTORELEASING = YES;
				CLANG_WARN_BOOL_CONVERSION = YES;
				CLANG_WARN_COMMA = YES;
				CLANG_WARN_CONSTANT_CONVERSION = YES;
				CLANG_WARN_DEPRECATED_OBJC_IMPLEMENTATIONS = YES;
				CLANG_WARN_DIRECT_OBJC_ISA_USAGE = YES_ERROR;
				CLANG_WARN_DOCUMENTATION_COMMENTS = YES;
				CLANG_WARN_EMPTY_BODY = YES;
				CLANG_WARN_ENUM_CONVERSION = YES;
				CLANG_WARN_INFINITE_RECURSION = YES;
				CLANG_WARN_INT_CONVERSION = YES;
				CLANG_WARN_NON_LITERAL_NULL_CONVERSION = YES;
				CLANG_WARN_OBJC_IMPLICIT_RETAIN_SELF = YES;
				CLANG_WARN_OBJC_LITERAL_CONVERSION = YES;
				CLANG_WARN_OBJC_ROOT_CLASS = YES_ERROR;
				CLANG_WARN_QUOTED_INCLUDE_IN_FRAMEWORK_HEADER = YES;
				CLANG_WARN_RANGE_LOOP_ANALYSIS = YES;
				CLANG_WARN_STRICT_PROTOTYPES = YES;
				CLANG_WARN_SUSPICIOUS_MOVE = YES;
				CLANG_WARN_UNGUARDED_AVAILABILITY = YES_AGGRESSIVE;
				CLANG_WARN_UNREACHABLE_CODE = YES;
				CLANG_WARN__DUPLICATE_METHOD_MATCH = YES;
				COPY_PHASE_STRIP = NO;
				DEBUG_INFORMATION_FORMAT = dwarf;
				ENABLE_STRICT_OBJC_MSGSEND = YES;
				ENABLE_TESTABILITY = YES;
				GCC_C_LANGUAGE_STANDARD = gnu11;
				GCC_DYNAMIC_NO_PIC = NO;
				GCC_NO_COMMON_BLOCKS = YES;
				GCC_OPTIMIZATION_LEVEL = 0;
				GCC_PREPROCESSOR_DEFINITIONS = (
					"DEBUG=1",
					"$(inherited)",
				);
				GCC_WARN_64_TO_32_BIT_CONVERSION = YES;
				GCC_WARN_ABOUT_RETURN_TYPE = YES_ERROR;
				GCC_WARN_UNDECLARED_SELECTOR = YES;
				GCC_WARN_UNINITIALIZED_AUTOS = YES_AGGRESSIVE;
				GCC_WARN_UNUSED_FUNCTION = YES;
				GCC_WARN_UNUSED_VARIABLE = YES;
				IPHONEOS_DEPLOYMENT_TARGET = 15.4;
				MTL_ENABLE_DEBUG_INFO = INCLUDE_SOURCE;
				MTL_FAST_MATH = YES;
				ONLY_ACTIVE_ARCH = YES;
				SDKROOT = iphoneos;
				SWIFT_ACTIVE_COMPILATION_CONDITIONS = DEBUG;
				SWIFT_OPTIMIZATION_LEVEL = "-Onone";
			};
			name = Debug;
		};
		C772311528B66F610021F015 /* Release */ = {
			isa = XCBuildConfiguration;
			buildSettings = {
				ALWAYS_SEARCH_USER_PATHS = NO;
				CLANG_ANALYZER_NONNULL = YES;
				CLANG_ANALYZER_NUMBER_OBJECT_CONVERSION = YES_AGGRESSIVE;
				CLANG_CXX_LANGUAGE_STANDARD = "gnu++17";
				CLANG_ENABLE_MODULES = YES;
				CLANG_ENABLE_OBJC_ARC = YES;
				CLANG_ENABLE_OBJC_WEAK = YES;
				CLANG_WARN_BLOCK_CAPTURE_AUTORELEASING = YES;
				CLANG_WARN_BOOL_CONVERSION = YES;
				CLANG_WARN_COMMA = YES;
				CLANG_WARN_CONSTANT_CONVERSION = YES;
				CLANG_WARN_DEPRECATED_OBJC_IMPLEMENTATIONS = YES;
				CLANG_WARN_DIRECT_OBJC_ISA_USAGE = YES_ERROR;
				CLANG_WARN_DOCUMENTATION_COMMENTS = YES;
				CLANG_WARN_EMPTY_BODY = YES;
				CLANG_WARN_ENUM_CONVERSION = YES;
				CLANG_WARN_INFINITE_RECURSION = YES;
				CLANG_WARN_INT_CONVERSION = YES;
				CLANG_WARN_NON_LITERAL_NULL_CONVERSION = YES;
				CLANG_WARN_OBJC_IMPLICIT_RETAIN_SELF = YES;
				CLANG_WARN_OBJC_LITERAL_CONVERSION = YES;
				CLANG_WARN_OBJC_ROOT_CLASS = YES_ERROR;
				CLANG_WARN_QUOTED_INCLUDE_IN_FRAMEWORK_HEADER = YES;
				CLANG_WARN_RANGE_LOOP_ANALYSIS = YES;
				CLANG_WARN_STRICT_PROTOTYPES = YES;
				CLANG_WARN_SUSPICIOUS_MOVE = YES;
				CLANG_WARN_UNGUARDED_AVAILABILITY = YES_AGGRESSIVE;
				CLANG_WARN_UNREACHABLE_CODE = YES;
				CLANG_WARN__DUPLICATE_METHOD_MATCH = YES;
				COPY_PHASE_STRIP = NO;
				DEBUG_INFORMATION_FORMAT = "dwarf-with-dsym";
				ENABLE_NS_ASSERTIONS = NO;
				ENABLE_STRICT_OBJC_MSGSEND = YES;
				GCC_C_LANGUAGE_STANDARD = gnu11;
				GCC_NO_COMMON_BLOCKS = YES;
				GCC_WARN_64_TO_32_BIT_CONVERSION = YES;
				GCC_WARN_ABOUT_RETURN_TYPE = YES_ERROR;
				GCC_WARN_UNDECLARED_SELECTOR = YES;
				GCC_WARN_UNINITIALIZED_AUTOS = YES_AGGRESSIVE;
				GCC_WARN_UNUSED_FUNCTION = YES;
				GCC_WARN_UNUSED_VARIABLE = YES;
				IPHONEOS_DEPLOYMENT_TARGET = 15.4;
				MTL_ENABLE_DEBUG_INFO = NO;
				MTL_FAST_MATH = YES;
				SDKROOT = iphoneos;
				SWIFT_COMPILATION_MODE = wholemodule;
				SWIFT_OPTIMIZATION_LEVEL = "-O";
				VALIDATE_PRODUCT = YES;
			};
			name = Release;
		};
		C772311728B66F610021F015 /* Debug */ = {
			isa = XCBuildConfiguration;
			buildSettings = {
				ASSETCATALOG_COMPILER_APPICON_NAME = AppIcon;
				ASSETCATALOG_COMPILER_GLOBAL_ACCENT_COLOR_NAME = AccentColor;
				CODE_SIGN_STYLE = Automatic;
				CURRENT_PROJECT_VERSION = 1;
				DEVELOPMENT_TEAM = CP955JR8R3;
				GENERATE_INFOPLIST_FILE = YES;
				INFOPLIST_FILE = Countries/Info.plist;
				INFOPLIST_KEY_UIApplicationSupportsIndirectInputEvents = YES;
				INFOPLIST_KEY_UILaunchStoryboardName = LaunchScreen;
				INFOPLIST_KEY_UIMainStoryboardFile = CountriesList;
				INFOPLIST_KEY_UISupportedInterfaceOrientations_iPad = "UIInterfaceOrientationPortrait UIInterfaceOrientationPortraitUpsideDown UIInterfaceOrientationLandscapeLeft UIInterfaceOrientationLandscapeRight";
				INFOPLIST_KEY_UISupportedInterfaceOrientations_iPhone = "UIInterfaceOrientationPortrait UIInterfaceOrientationLandscapeLeft UIInterfaceOrientationLandscapeRight";
				LD_RUNPATH_SEARCH_PATHS = (
					"$(inherited)",
					"@executable_path/Frameworks",
				);
				MARKETING_VERSION = 1.0;
				PRODUCT_BUNDLE_IDENTIFIER = com.ryu.contries.assignement.Countries;
				PRODUCT_NAME = "$(TARGET_NAME)";
				SWIFT_EMIT_LOC_STRINGS = YES;
				SWIFT_VERSION = 5.0;
				TARGETED_DEVICE_FAMILY = "1,2";
			};
			name = Debug;
		};
		C772311828B66F610021F015 /* Release */ = {
			isa = XCBuildConfiguration;
			buildSettings = {
				ASSETCATALOG_COMPILER_APPICON_NAME = AppIcon;
				ASSETCATALOG_COMPILER_GLOBAL_ACCENT_COLOR_NAME = AccentColor;
				CODE_SIGN_STYLE = Automatic;
				CURRENT_PROJECT_VERSION = 1;
				DEVELOPMENT_TEAM = CP955JR8R3;
				GENERATE_INFOPLIST_FILE = YES;
				INFOPLIST_FILE = Countries/Info.plist;
				INFOPLIST_KEY_UIApplicationSupportsIndirectInputEvents = YES;
				INFOPLIST_KEY_UILaunchStoryboardName = LaunchScreen;
				INFOPLIST_KEY_UIMainStoryboardFile = CountriesList;
				INFOPLIST_KEY_UISupportedInterfaceOrientations_iPad = "UIInterfaceOrientationPortrait UIInterfaceOrientationPortraitUpsideDown UIInterfaceOrientationLandscapeLeft UIInterfaceOrientationLandscapeRight";
				INFOPLIST_KEY_UISupportedInterfaceOrientations_iPhone = "UIInterfaceOrientationPortrait UIInterfaceOrientationLandscapeLeft UIInterfaceOrientationLandscapeRight";
				LD_RUNPATH_SEARCH_PATHS = (
					"$(inherited)",
					"@executable_path/Frameworks",
				);
				MARKETING_VERSION = 1.0;
				PRODUCT_BUNDLE_IDENTIFIER = com.ryu.contries.assignement.Countries;
				PRODUCT_NAME = "$(TARGET_NAME)";
				SWIFT_EMIT_LOC_STRINGS = YES;
				SWIFT_VERSION = 5.0;
				TARGETED_DEVICE_FAMILY = "1,2";
			};
			name = Release;
		};
		C772311A28B66F610021F015 /* Debug */ = {
			isa = XCBuildConfiguration;
			buildSettings = {
				ALWAYS_EMBED_SWIFT_STANDARD_LIBRARIES = YES;
				BUNDLE_LOADER = "$(TEST_HOST)";
				CODE_SIGN_STYLE = Automatic;
				CURRENT_PROJECT_VERSION = 1;
				DEVELOPMENT_TEAM = CP955JR8R3;
				GENERATE_INFOPLIST_FILE = YES;
				IPHONEOS_DEPLOYMENT_TARGET = 15.4;
				MARKETING_VERSION = 1.0;
				PRODUCT_BUNDLE_IDENTIFIER = com.ryu.contries.assignement.CountriesTests;
				PRODUCT_NAME = "$(TARGET_NAME)";
				SWIFT_EMIT_LOC_STRINGS = NO;
				SWIFT_VERSION = 5.0;
				TARGETED_DEVICE_FAMILY = "1,2";
				TEST_HOST = "$(BUILT_PRODUCTS_DIR)/Countries.app/Countries";
			};
			name = Debug;
		};
		C772311B28B66F610021F015 /* Release */ = {
			isa = XCBuildConfiguration;
			buildSettings = {
				ALWAYS_EMBED_SWIFT_STANDARD_LIBRARIES = YES;
				BUNDLE_LOADER = "$(TEST_HOST)";
				CODE_SIGN_STYLE = Automatic;
				CURRENT_PROJECT_VERSION = 1;
				DEVELOPMENT_TEAM = CP955JR8R3;
				GENERATE_INFOPLIST_FILE = YES;
				IPHONEOS_DEPLOYMENT_TARGET = 15.4;
				MARKETING_VERSION = 1.0;
				PRODUCT_BUNDLE_IDENTIFIER = com.ryu.contries.assignement.CountriesTests;
				PRODUCT_NAME = "$(TARGET_NAME)";
				SWIFT_EMIT_LOC_STRINGS = NO;
				SWIFT_VERSION = 5.0;
				TARGETED_DEVICE_FAMILY = "1,2";
				TEST_HOST = "$(BUILT_PRODUCTS_DIR)/Countries.app/Countries";
			};
			name = Release;
		};
		C772311D28B66F610021F015 /* Debug */ = {
			isa = XCBuildConfiguration;
			buildSettings = {
				ALWAYS_EMBED_SWIFT_STANDARD_LIBRARIES = YES;
				CODE_SIGN_STYLE = Automatic;
				CURRENT_PROJECT_VERSION = 1;
				DEVELOPMENT_TEAM = CP955JR8R3;
				GENERATE_INFOPLIST_FILE = YES;
				MARKETING_VERSION = 1.0;
				PRODUCT_BUNDLE_IDENTIFIER = com.ryu.contries.assignement.CountriesUITests;
				PRODUCT_NAME = "$(TARGET_NAME)";
				SWIFT_EMIT_LOC_STRINGS = NO;
				SWIFT_VERSION = 5.0;
				TARGETED_DEVICE_FAMILY = "1,2";
				TEST_TARGET_NAME = Countries;
			};
			name = Debug;
		};
		C772311E28B66F610021F015 /* Release */ = {
			isa = XCBuildConfiguration;
			buildSettings = {
				ALWAYS_EMBED_SWIFT_STANDARD_LIBRARIES = YES;
				CODE_SIGN_STYLE = Automatic;
				CURRENT_PROJECT_VERSION = 1;
				DEVELOPMENT_TEAM = CP955JR8R3;
				GENERATE_INFOPLIST_FILE = YES;
				MARKETING_VERSION = 1.0;
				PRODUCT_BUNDLE_IDENTIFIER = com.ryu.contries.assignement.CountriesUITests;
				PRODUCT_NAME = "$(TARGET_NAME)";
				SWIFT_EMIT_LOC_STRINGS = NO;
				SWIFT_VERSION = 5.0;
				TARGETED_DEVICE_FAMILY = "1,2";
				TEST_TARGET_NAME = Countries;
			};
			name = Release;
		};
/* End XCBuildConfiguration section */

/* Begin XCConfigurationList section */
		C77230E728B66F600021F015 /* Build configuration list for PBXProject "Countries" */ = {
			isa = XCConfigurationList;
			buildConfigurations = (
				C772311428B66F610021F015 /* Debug */,
				C772311528B66F610021F015 /* Release */,
			);
			defaultConfigurationIsVisible = 0;
			defaultConfigurationName = Release;
		};
		C772311628B66F610021F015 /* Build configuration list for PBXNativeTarget "Countries" */ = {
			isa = XCConfigurationList;
			buildConfigurations = (
				C772311728B66F610021F015 /* Debug */,
				C772311828B66F610021F015 /* Release */,
			);
			defaultConfigurationIsVisible = 0;
			defaultConfigurationName = Release;
		};
		C772311928B66F610021F015 /* Build configuration list for PBXNativeTarget "CountriesTests" */ = {
			isa = XCConfigurationList;
			buildConfigurations = (
				C772311A28B66F610021F015 /* Debug */,
				C772311B28B66F610021F015 /* Release */,
			);
			defaultConfigurationIsVisible = 0;
			defaultConfigurationName = Release;
		};
		C772311C28B66F610021F015 /* Build configuration list for PBXNativeTarget "CountriesUITests" */ = {
			isa = XCConfigurationList;
			buildConfigurations = (
				C772311D28B66F610021F015 /* Debug */,
				C772311E28B66F610021F015 /* Release */,
			);
			defaultConfigurationIsVisible = 0;
			defaultConfigurationName = Release;
		};
/* End XCConfigurationList section */
	};
	rootObject = C77230E428B66F600021F015 /* Project object */;
}
